// !$*UTF8*$!
{
	archiveVersion = 1;
	classes = {
	};
	objectVersion = 50;
	objects = {

/* Begin PBXBuildFile section */
		E3B4F15921D56913000AFD18 /* AppDelegate.m in Sources */ = {isa = PBXBuildFile; fileRef = E3B4F15821D56913000AFD18 /* AppDelegate.m */; };
		E3B4F15C21D56913000AFD18 /* ViewController.m in Sources */ = {isa = PBXBuildFile; fileRef = E3B4F15B21D56913000AFD18 /* ViewController.m */; };
		E3B4F15F21D56913000AFD18 /* Main.storyboard in Resources */ = {isa = PBXBuildFile; fileRef = E3B4F15D21D56913000AFD18 /* Main.storyboard */; };
		E3B4F16121D56914000AFD18 /* Assets.xcassets in Resources */ = {isa = PBXBuildFile; fileRef = E3B4F16021D56914000AFD18 /* Assets.xcassets */; };
		E3B4F16421D56914000AFD18 /* LaunchScreen.storyboard in Resources */ = {isa = PBXBuildFile; fileRef = E3B4F16221D56914000AFD18 /* LaunchScreen.storyboard */; };
		E3B4F16721D56914000AFD18 /* main.m in Sources */ = {isa = PBXBuildFile; fileRef = E3B4F16621D56914000AFD18 /* main.m */; };
		E3B4F17221D56DFA000AFD18 /* ItemLayout.m in Sources */ = {isa = PBXBuildFile; fileRef = E3B4F17121D56DFA000AFD18 /* ItemLayout.m */; };
		E3B4F17521D575EF000AFD18 /* DynamicFlowLayoutManager.m in Sources */ = {isa = PBXBuildFile; fileRef = E3B4F17421D575EF000AFD18 /* DynamicFlowLayoutManager.m */; };
		E3B6A6D221D78D230009318D /* DynamicCollectionView.m in Sources */ = {isa = PBXBuildFile; fileRef = E3B6A6CE21D78D230009318D /* DynamicCollectionView.m */; };
		E3B6A6D321D78D230009318D /* DynamicCollectionViewFlowLayout.m in Sources */ = {isa = PBXBuildFile; fileRef = E3B6A6D121D78D230009318D /* DynamicCollectionViewFlowLayout.m */; };
/* End PBXBuildFile section */

/* Begin PBXFileReference section */
		E3B4F15421D56912000AFD18 /* CustomCollectionViewLayout.app */ = {isa = PBXFileReference; explicitFileType = wrapper.application; includeInIndex = 0; path = CustomCollectionViewLayout.app; sourceTree = BUILT_PRODUCTS_DIR; };
		E3B4F15721D56913000AFD18 /* AppDelegate.h */ = {isa = PBXFileReference; lastKnownFileType = sourcecode.c.h; path = AppDelegate.h; sourceTree = "<group>"; };
		E3B4F15821D56913000AFD18 /* AppDelegate.m */ = {isa = PBXFileReference; lastKnownFileType = sourcecode.c.objc; path = AppDelegate.m; sourceTree = "<group>"; };
		E3B4F15A21D56913000AFD18 /* ViewController.h */ = {isa = PBXFileReference; lastKnownFileType = sourcecode.c.h; path = ViewController.h; sourceTree = "<group>"; };
		E3B4F15B21D56913000AFD18 /* ViewController.m */ = {isa = PBXFileReference; lastKnownFileType = sourcecode.c.objc; path = ViewController.m; sourceTree = "<group>"; };
		E3B4F15E21D56913000AFD18 /* Base */ = {isa = PBXFileReference; lastKnownFileType = file.storyboard; name = Base; path = Base.lproj/Main.storyboard; sourceTree = "<group>"; };
		E3B4F16021D56914000AFD18 /* Assets.xcassets */ = {isa = PBXFileReference; lastKnownFileType = folder.assetcatalog; path = Assets.xcassets; sourceTree = "<group>"; };
		E3B4F16321D56914000AFD18 /* Base */ = {isa = PBXFileReference; lastKnownFileType = file.storyboard; name = Base; path = Base.lproj/LaunchScreen.storyboard; sourceTree = "<group>"; };
		E3B4F16521D56914000AFD18 /* Info.plist */ = {isa = PBXFileReference; lastKnownFileType = text.plist.xml; path = Info.plist; sourceTree = "<group>"; };
		E3B4F16621D56914000AFD18 /* main.m */ = {isa = PBXFileReference; lastKnownFileType = sourcecode.c.objc; path = main.m; sourceTree = "<group>"; };
		E3B4F17021D56DFA000AFD18 /* ItemLayout.h */ = {isa = PBXFileReference; lastKnownFileType = sourcecode.c.h; path = ItemLayout.h; sourceTree = "<group>"; };
		E3B4F17121D56DFA000AFD18 /* ItemLayout.m */ = {isa = PBXFileReference; lastKnownFileType = sourcecode.c.objc; path = ItemLayout.m; sourceTree = "<group>"; };
		E3B4F17321D575EF000AFD18 /* DynamicFlowLayoutManager.h */ = {isa = PBXFileReference; lastKnownFileType = sourcecode.c.h; path = DynamicFlowLayoutManager.h; sourceTree = "<group>"; };
		E3B4F17421D575EF000AFD18 /* DynamicFlowLayoutManager.m */ = {isa = PBXFileReference; lastKnownFileType = sourcecode.c.objc; path = DynamicFlowLayoutManager.m; sourceTree = "<group>"; };
		E3B6A6CE21D78D230009318D /* DynamicCollectionView.m */ = {isa = PBXFileReference; fileEncoding = 4; lastKnownFileType = sourcecode.c.objc; path = DynamicCollectionView.m; sourceTree = "<group>"; };
		E3B6A6CF21D78D230009318D /* DynamicCollectionViewFlowLayout.h */ = {isa = PBXFileReference; fileEncoding = 4; lastKnownFileType = sourcecode.c.h; path = DynamicCollectionViewFlowLayout.h; sourceTree = "<group>"; };
		E3B6A6D021D78D230009318D /* DynamicCollectionView.h */ = {isa = PBXFileReference; fileEncoding = 4; lastKnownFileType = sourcecode.c.h; path = DynamicCollectionView.h; sourceTree = "<group>"; };
		E3B6A6D121D78D230009318D /* DynamicCollectionViewFlowLayout.m */ = {isa = PBXFileReference; fileEncoding = 4; lastKnownFileType = sourcecode.c.objc; path = DynamicCollectionViewFlowLayout.m; sourceTree = "<group>"; };
/* End PBXFileReference section */

/* Begin PBXFrameworksBuildPhase section */
		E3B4F15121D56912000AFD18 /* Frameworks */ = {
			isa = PBXFrameworksBuildPhase;
			buildActionMask = 2147483647;
			files = (
			);
			runOnlyForDeploymentPostprocessing = 0;
		};
/* End PBXFrameworksBuildPhase section */

/* Begin PBXGroup section */
		E3B4F14B21D56912000AFD18 = {
			isa = PBXGroup;
			children = (
				E3B4F15621D56913000AFD18 /* CustomCollectionViewLayout */,
				E3B4F15521D56912000AFD18 /* Products */,
			);
			sourceTree = "<group>";
		};
		E3B4F15521D56912000AFD18 /* Products */ = {
			isa = PBXGroup;
			children = (
				E3B4F15421D56912000AFD18 /* CustomCollectionViewLayout.app */,
			);
			name = Products;
			sourceTree = "<group>";
		};
		E3B4F15621D56913000AFD18 /* CustomCollectionViewLayout */ = {
			isa = PBXGroup;
			children = (
				E3B6A6CD21D78D230009318D /* DynamicCollectionView */,
				E3B4F15721D56913000AFD18 /* AppDelegate.h */,
				E3B4F15821D56913000AFD18 /* AppDelegate.m */,
				E3B4F15A21D56913000AFD18 /* ViewController.h */,
				E3B4F15B21D56913000AFD18 /* ViewController.m */,
				E3B4F15D21D56913000AFD18 /* Main.storyboard */,
				E3B4F16021D56914000AFD18 /* Assets.xcassets */,
				E3B4F16221D56914000AFD18 /* LaunchScreen.storyboard */,
				E3B4F16521D56914000AFD18 /* Info.plist */,
				E3B4F16621D56914000AFD18 /* main.m */,
				E3B4F17021D56DFA000AFD18 /* ItemLayout.h */,
				E3B4F17121D56DFA000AFD18 /* ItemLayout.m */,
				E3B4F17321D575EF000AFD18 /* DynamicFlowLayoutManager.h */,
				E3B4F17421D575EF000AFD18 /* DynamicFlowLayoutManager.m */,
			);
			path = CustomCollectionViewLayout;
			sourceTree = "<group>";
		};
		E3B6A6CD21D78D230009318D /* DynamicCollectionView */ = {
			isa = PBXGroup;
			children = (
				E3B6A6D021D78D230009318D /* DynamicCollectionView.h */,
				E3B6A6CE21D78D230009318D /* DynamicCollectionView.m */,
				E3B6A6CF21D78D230009318D /* DynamicCollectionViewFlowLayout.h */,
				E3B6A6D121D78D230009318D /* DynamicCollectionViewFlowLayout.m */,
			);
			path = DynamicCollectionView;
			sourceTree = "<group>";
		};
/* End PBXGroup section */

/* Begin PBXNativeTarget section */
		E3B4F15321D56912000AFD18 /* CustomCollectionViewLayout */ = {
			isa = PBXNativeTarget;
			buildConfigurationList = E3B4F16A21D56914000AFD18 /* Build configuration list for PBXNativeTarget "CustomCollectionViewLayout" */;
			buildPhases = (
				E3B4F15021D56912000AFD18 /* Sources */,
				E3B4F15121D56912000AFD18 /* Frameworks */,
				E3B4F15221D56912000AFD18 /* Resources */,
			);
			buildRules = (
			);
			dependencies = (
			);
			name = CustomCollectionViewLayout;
			productName = CustomCollectionViewLayout;
			productReference = E3B4F15421D56912000AFD18 /* CustomCollectionViewLayout.app */;
			productType = "com.apple.product-type.application";
		};
/* End PBXNativeTarget section */

/* Begin PBXProject section */
		E3B4F14C21D56912000AFD18 /* Project object */ = {
			isa = PBXProject;
			attributes = {
				LastUpgradeCheck = 1010;
				ORGANIZATIONNAME = "Osman SÖYLEMEZ";
				TargetAttributes = {
					E3B4F15321D56912000AFD18 = {
						CreatedOnToolsVersion = 10.1;
					};
				};
			};
			buildConfigurationList = E3B4F14F21D56912000AFD18 /* Build configuration list for PBXProject "CustomCollectionViewLayout" */;
			compatibilityVersion = "Xcode 9.3";
			developmentRegion = en;
			hasScannedForEncodings = 0;
			knownRegions = (
				en,
				Base,
			);
			mainGroup = E3B4F14B21D56912000AFD18;
			productRefGroup = E3B4F15521D56912000AFD18 /* Products */;
			projectDirPath = "";
			projectRoot = "";
			targets = (
				E3B4F15321D56912000AFD18 /* CustomCollectionViewLayout */,
			);
		};
/* End PBXProject section */

/* Begin PBXResourcesBuildPhase section */
		E3B4F15221D56912000AFD18 /* Resources */ = {
			isa = PBXResourcesBuildPhase;
			buildActionMask = 2147483647;
			files = (
				E3B4F16421D56914000AFD18 /* LaunchScreen.storyboard in Resources */,
				E3B4F16121D56914000AFD18 /* Assets.xcassets in Resources */,
				E3B4F15F21D56913000AFD18 /* Main.storyboard in Resources */,
			);
			runOnlyForDeploymentPostprocessing = 0;
		};
/* End PBXResourcesBuildPhase section */

/* Begin PBXSourcesBuildPhase section */
		E3B4F15021D56912000AFD18 /* Sources */ = {
			isa = PBXSourcesBuildPhase;
			buildActionMask = 2147483647;
			files = (
				E3B6A6D221D78D230009318D /* DynamicCollectionView.m in Sources */,
				E3B4F17221D56DFA000AFD18 /* ItemLayout.m in Sources */,
				E3B4F15C21D56913000AFD18 /* ViewController.m in Sources */,
				E3B4F16721D56914000AFD18 /* main.m in Sources */,
				E3B6A6D321D78D230009318D /* DynamicCollectionViewFlowLayout.m in Sources */,
				E3B4F15921D56913000AFD18 /* AppDelegate.m in Sources */,
				E3B4F17521D575EF000AFD18 /* DynamicFlowLayoutManager.m in Sources */,
			);
			runOnlyForDeploymentPostprocessing = 0;
		};
/* End PBXSourcesBuildPhase section */

/* Begin PBXVariantGroup section */
		E3B4F15D21D56913000AFD18 /* Main.storyboard */ = {
			isa = PBXVariantGroup;
			children = (
				E3B4F15E21D56913000AFD18 /* Base */,
			);
			name = Main.storyboard;
			sourceTree = "<group>";
		};
		E3B4F16221D56914000AFD18 /* LaunchScreen.storyboard */ = {
			isa = PBXVariantGroup;
			children = (
				E3B4F16321D56914000AFD18 /* Base */,
			);
			name = LaunchScreen.storyboard;
			sourceTree = "<group>";
		};
/* End PBXVariantGroup section */

/* Begin XCBuildConfiguration section */
		E3B4F16821D56914000AFD18 /* Debug */ = {
			isa = XCBuildConfiguration;
			buildSettings = {
				ALWAYS_SEARCH_USER_PATHS = NO;
				CLANG_ANALYZER_NONNULL = YES;
				CLANG_ANALYZER_NUMBER_OBJECT_CONVERSION = YES_AGGRESSIVE;
				CLANG_CXX_LANGUAGE_STANDARD = "gnu++14";
				CLANG_CXX_LIBRARY = "libc++";
				CLANG_ENABLE_MODULES = YES;
				CLANG_ENABLE_OBJC_ARC = YES;
				CLANG_ENABLE_OBJC_WEAK = YES;
				CLANG_WARN_BLOCK_CAPTURE_AUTORELEASING = YES;
				CLANG_WARN_BOOL_CONVERSION = YES;
				CLANG_WARN_COMMA = YES;
				CLANG_WARN_CONSTANT_CONVERSION = YES;
				CLANG_WARN_DEPRECATED_OBJC_IMPLEMENTATIONS = YES;
				CLANG_WARN_DIRECT_OBJC_ISA_USAGE = YES_ERROR;
				CLANG_WARN_DOCUMENTATION_COMMENTS = YES;
				CLANG_WARN_EMPTY_BODY = YES;
				CLANG_WARN_ENUM_CONVERSION = YES;
				CLANG_WARN_INFINITE_RECURSION = YES;
				CLANG_WARN_INT_CONVERSION = YES;
				CLANG_WARN_NON_LITERAL_NULL_CONVERSION = YES;
				CLANG_WARN_OBJC_IMPLICIT_RETAIN_SELF = YES;
				CLANG_WARN_OBJC_LITERAL_CONVERSION = YES;
				CLANG_WARN_OBJC_ROOT_CLASS = YES_ERROR;
				CLANG_WARN_RANGE_LOOP_ANALYSIS = YES;
				CLANG_WARN_STRICT_PROTOTYPES = YES;
				CLANG_WARN_SUSPICIOUS_MOVE = YES;
				CLANG_WARN_UNGUARDED_AVAILABILITY = YES_AGGRESSIVE;
				CLANG_WARN_UNREACHABLE_CODE = YES;
				CLANG_WARN__DUPLICATE_METHOD_MATCH = YES;
				CODE_SIGN_IDENTITY = "iPhone Developer";
				COPY_PHASE_STRIP = NO;
				DEBUG_INFORMATION_FORMAT = dwarf;
				ENABLE_STRICT_OBJC_MSGSEND = YES;
				ENABLE_TESTABILITY = YES;
				GCC_C_LANGUAGE_STANDARD = gnu11;
				GCC_DYNAMIC_NO_PIC = NO;
				GCC_NO_COMMON_BLOCKS = YES;
				GCC_OPTIMIZATION_LEVEL = 0;
				GCC_PREPROCESSOR_DEFINITIONS = (
					"DEBUG=1",
					"$(inherited)",
				);
				GCC_WARN_64_TO_32_BIT_CONVERSION = YES;
				GCC_WARN_ABOUT_RETURN_TYPE = YES_ERROR;
				GCC_WARN_UNDECLARED_SELECTOR = YES;
				GCC_WARN_UNINITIALIZED_AUTOS = YES_AGGRESSIVE;
				GCC_WARN_UNUSED_FUNCTION = YES;
				GCC_WARN_UNUSED_VARIABLE = YES;
				IPHONEOS_DEPLOYMENT_TARGET = 12.1;
				MTL_ENABLE_DEBUG_INFO = INCLUDE_SOURCE;
				MTL_FAST_MATH = YES;
				ONLY_ACTIVE_ARCH = YES;
				SDKROOT = iphoneos;
			};
			name = Debug;
		};
		E3B4F16921D56914000AFD18 /* Release */ = {
			isa = XCBuildConfiguration;
			buildSettings = {
				ALWAYS_SEARCH_USER_PATHS = NO;
				CLANG_ANALYZER_NONNULL = YES;
				CLANG_ANALYZER_NUMBER_OBJECT_CONVERSION = YES_AGGRESSIVE;
				CLANG_CXX_LANGUAGE_STANDARD = "gnu++14";
				CLANG_CXX_LIBRARY = "libc++";
				CLANG_ENABLE_MODULES = YES;
				CLANG_ENABLE_OBJC_ARC = YES;
				CLANG_ENABLE_OBJC_WEAK = YES;
				CLANG_WARN_BLOCK_CAPTURE_AUTORELEASING = YES;
				CLANG_WARN_BOOL_CONVERSION = YES;
				CLANG_WARN_COMMA = YES;
				CLANG_WARN_CONSTANT_CONVERSION = YES;
				CLANG_WARN_DEPRECATED_OBJC_IMPLEMENTATIONS = YES;
				CLANG_WARN_DIRECT_OBJC_ISA_USAGE = YES_ERROR;
				CLANG_WARN_DOCUMENTATION_COMMENTS = YES;
				CLANG_WARN_EMPTY_BODY = YES;
				CLANG_WARN_ENUM_CONVERSION = YES;
				CLANG_WARN_INFINITE_RECURSION = YES;
				CLANG_WARN_INT_CONVERSION = YES;
				CLANG_WARN_NON_LITERAL_NULL_CONVERSION = YES;
				CLANG_WARN_OBJC_IMPLICIT_RETAIN_SELF = YES;
				CLANG_WARN_OBJC_LITERAL_CONVERSION = YES;
				CLANG_WARN_OBJC_ROOT_CLASS = YES_ERROR;
				CLANG_WARN_RANGE_LOOP_ANALYSIS = YES;
				CLANG_WARN_STRICT_PROTOTYPES = YES;
				CLANG_WARN_SUSPICIOUS_MOVE = YES;
				CLANG_WARN_UNGUARDED_AVAILABILITY = YES_AGGRESSIVE;
				CLANG_WARN_UNREACHABLE_CODE = YES;
				CLANG_WARN__DUPLICATE_METHOD_MATCH = YES;
				CODE_SIGN_IDENTITY = "iPhone Developer";
				COPY_PHASE_STRIP = NO;
				DEBUG_INFORMATION_FORMAT = "dwarf-with-dsym";
				ENABLE_NS_ASSERTIONS = NO;
				ENABLE_STRICT_OBJC_MSGSEND = YES;
				GCC_C_LANGUAGE_STANDARD = gnu11;
				GCC_NO_COMMON_BLOCKS = YES;
				GCC_WARN_64_TO_32_BIT_CONVERSION = YES;
				GCC_WARN_ABOUT_RETURN_TYPE = YES_ERROR;
				GCC_WARN_UNDECLARED_SELECTOR = YES;
				GCC_WARN_UNINITIALIZED_AUTOS = YES_AGGRESSIVE;
				GCC_WARN_UNUSED_FUNCTION = YES;
				GCC_WARN_UNUSED_VARIABLE = YES;
				IPHONEOS_DEPLOYMENT_TARGET = 12.1;
				MTL_ENABLE_DEBUG_INFO = NO;
				MTL_FAST_MATH = YES;
				SDKROOT = iphoneos;
				VALIDATE_PRODUCT = YES;
			};
			name = Release;
		};
		E3B4F16B21D56914000AFD18 /* Debug */ = {
			isa = XCBuildConfiguration;
			buildSettings = {
				ASSETCATALOG_COMPILER_APPICON_NAME = AppIcon;
				CODE_SIGN_STYLE = Automatic;
				DEVELOPMENT_TEAM = 3RUCZ8VNN9;
				INFOPLIST_FILE = CustomCollectionViewLayout/Info.plist;
				LD_RUNPATH_SEARCH_PATHS = (
					"$(inherited)",
					"@executable_path/Frameworks",
				);
				PRODUCT_BUNDLE_IDENTIFIER = com.muffine.CustomCollectionViewLayout;
				PRODUCT_NAME = "$(TARGET_NAME)";
				TARGETED_DEVICE_FAMILY = "1,2";
			};
			name = Debug;
		};
		E3B4F16C21D56914000AFD18 /* Release */ = {
			isa = XCBuildConfiguration;
			buildSettings = {
				ASSETCATALOG_COMPILER_APPICON_NAME = AppIcon;
				CODE_SIGN_STYLE = Automatic;
				DEVELOPMENT_TEAM = 3RUCZ8VNN9;
				INFOPLIST_FILE = CustomCollectionViewLayout/Info.plist;
				LD_RUNPATH_SEARCH_PATHS = (
					"$(inherited)",
					"@executable_path/Frameworks",
				);
				PRODUCT_BUNDLE_IDENTIFIER = com.muffine.CustomCollectionViewLayout;
				PRODUCT_NAME = "$(TARGET_NAME)";
				TARGETED_DEVICE_FAMILY = "1,2";
			};
			name = Release;
		};
/* End XCBuildConfiguration section */

/* Begin XCConfigurationList section */
		E3B4F14F21D56912000AFD18 /* Build configuration list for PBXProject "CustomCollectionViewLayout" */ = {
			isa = XCConfigurationList;
			buildConfigurations = (
				E3B4F16821D56914000AFD18 /* Debug */,
				E3B4F16921D56914000AFD18 /* Release */,
			);
			defaultConfigurationIsVisible = 0;
			defaultConfigurationName = Release;
		};
		E3B4F16A21D56914000AFD18 /* Build configuration list for PBXNativeTarget "CustomCollectionViewLayout" */ = {
			isa = XCConfigurationList;
			buildConfigurations = (
				E3B4F16B21D56914000AFD18 /* Debug */,
				E3B4F16C21D56914000AFD18 /* Release */,
			);
			defaultConfigurationIsVisible = 0;
			defaultConfigurationName = Release;
		};
/* End XCConfigurationList section */
	};
	rootObject = E3B4F14C21D56912000AFD18 /* Project object */;
}
